{
  "requires": true,
  "lockfileVersion": 1,
  "dependencies": {
    "chinese-random-name": {
      "version": "0.1.3",
      "resolved": "http://registry.npm.taobao.org/chinese-random-name/download/chinese-random-name-0.1.3.tgz",
      "integrity": "sha1-GQnWQbUhOEnA/ys3P++meVWxpv4=",
      "requires": {
        "flatten": "1.0.2",
        "random-to": "0.0.2"
      }
    },
    "flatten": {
      "version": "1.0.2",
      "resolved": "http://registry.npm.taobao.org/flatten/download/flatten-1.0.2.tgz",
      "integrity": "sha1-2uRqnXj74lKSJYzB54CkHZXAN4I="
    },
    "random-to": {
      "version": "0.0.2",
      "resolved": "http://registry.npm.taobao.org/random-to/download/random-to-0.0.2.tgz",
      "integrity": "sha1-RoO58lfPuWSqPXsyPgCKIMboWnY="
    }
  }
}
